
Microsoft Visual Studio Solution File, Format Version 12.00
# Visual Studio 15
VisualStudioVersion = 15.0.28307.705
MinimumVisualStudioVersion = 10.0.40219.1
Project("{FAE04EC0-301F-11D3-BF4B-00C04F79EFBC}") = "RPG", "RPG\RPG.csproj", "{3D87C707-C255-449C-AEB1-14A1961D4E48}"
EndProject
Global
	GlobalSection(SolutionConfigurationPlatforms) = preSolution
		Debug|Any CPU = Debug|Any CPU
		Release|Any CPU = Release|Any CPU
	EndGlobalSection
	GlobalSection(ProjectConfigurationPlatforms) = postSolution
		{3D87C707-C255-449C-AEB1-14A1961D4E48}.Debug|Any CPU.ActiveCfg = Debug|Any CPU
		{3D87C707-C255-449C-AEB1-14A1961D4E48}.Debug|Any CPU.Build.0 = Debug|Any CPU
		{3D87C707-C255-449C-AEB1-14A1961D4E48}.Release|Any CPU.ActiveCfg = Release|Any CPU
		{3D87C707-C255-449C-AEB1-14A1961D4E48}.Release|Any CPU.Build.0 = Release|Any CPU
	EndGlobalSection
	GlobalSection(SolutionProperties) = preSolution
		HideSolutionNode = FALSE
	EndGlobalSection
	GlobalSection(ExtensibilityGlobals) = postSolution
		SolutionGuid = {C71D14B3-E14F-44CF-B5C8-0416D2EF2C3C}
	EndGlobalSection
EndGlobal
